
Microsoft Visual Studio Solution File, Format Version 12.00
# Visual Studio Version 16
VisualStudioVersion = 16.0.33027.164
MinimumVisualStudioVersion = 10.0.40219.1
Project("{FAE04EC0-301F-11D3-BF4B-00C04F79EFBC}") = "FibonacciRecursiveFunction", "FibonacciRecursiveFunction.csproj", "{73134F68-6644-4E29-A553-B0ADCEA810A3}"
EndProject
Project("{FAE04EC0-301F-11D3-BF4B-00C04F79EFBC}") = "FactorialFunction", "..\FactorialFunction\FactorialFunction.csproj", "{8E655C8D-821C-4822-A5DE-712DAC1421E9}"
EndProject
Global
	GlobalSection(SolutionConfigurationPlatforms) = preSolution
		Debug|Any CPU = Debug|Any CPU
		Release|Any CPU = Release|Any CPU
	EndGlobalSection
	GlobalSection(ProjectConfigurationPlatforms) = postSolution
		{73134F68-6644-4E29-A553-B0ADCEA810A3}.Debug|Any CPU.ActiveCfg = Debug|Any CPU
		{73134F68-6644-4E29-A553-B0ADCEA810A3}.Debug|Any CPU.Build.0 = Debug|Any CPU
		{73134F68-6644-4E29-A553-B0ADCEA810A3}.Release|Any CPU.ActiveCfg = Release|Any CPU
		{73134F68-6644-4E29-A553-B0ADCEA810A3}.Release|Any CPU.Build.0 = Release|Any CPU
		{8E655C8D-821C-4822-A5DE-712DAC1421E9}.Debug|Any CPU.ActiveCfg = Debug|Any CPU
		{8E655C8D-821C-4822-A5DE-712DAC1421E9}.Debug|Any CPU.Build.0 = Debug|Any CPU
		{8E655C8D-821C-4822-A5DE-712DAC1421E9}.Release|Any CPU.ActiveCfg = Release|Any CPU
		{8E655C8D-821C-4822-A5DE-712DAC1421E9}.Release|Any CPU.Build.0 = Release|Any CPU
	EndGlobalSection
	GlobalSection(SolutionProperties) = preSolution
		HideSolutionNode = FALSE
	EndGlobalSection
	GlobalSection(ExtensibilityGlobals) = postSolution
		SolutionGuid = {BB9D37AB-CC08-4342-BD35-AEBE75C5A34D}
	EndGlobalSection
EndGlobal
